
Microsoft Visual Studio Solution File, Format Version 12.00
# Visual Studio Version 17
VisualStudioVersion = 17.0.31903.59
MinimumVisualStudioVersion = 10.0.40219.1
Project("{2150E333-8FDC-42A3-9474-1A3956D46DE8}") = "src", "src", "{827E0CD3-B72D-47B6-A68D-7590B98EB39B}"
EndProject
Project("{2150E333-8FDC-42A3-9474-1A3956D46DE8}") = "SharedKernel", "SharedKernel", "{85F909CB-8F14-ECC8-BA9D-713D1771907F}"
EndProject
Project("{FAE04EC0-301F-11D3-BF4B-00C04F79EFBC}") = "TCGTrading.SharedKernel", "src\SharedKernel\TCGTrading.SharedKernel.csproj", "{AB3AA833-FFF8-43C1-9214-F26B27921A4A}"
EndProject
Project("{2150E333-8FDC-42A3-9474-1A3956D46DE8}") = "CardCatalog", "CardCatalog", "{FAA8FA5F-AA2B-C482-3913-4C1DD0E236A8}"
EndProject
Project("{FAE04EC0-301F-11D3-BF4B-00C04F79EFBC}") = "TCGTrading.CardCatalog.Api", "src\CardCatalog\TCGTrading.CardCatalog.Api.csproj", "{F28885AD-C53A-4A08-A31D-009BE26C18F2}"
EndProject
Project("{2150E333-8FDC-42A3-9474-1A3956D46DE8}") = "Portfolio", "Portfolio", "{45DD4194-316F-194B-816B-B30A2F54335C}"
EndProject
Project("{FAE04EC0-301F-11D3-BF4B-00C04F79EFBC}") = "TCGTrading.Portfolio.Api", "src\Portfolio\TCGTrading.Portfolio.Api.csproj", "{02FD7ADB-955B-4D53-98BE-1DC24162F212}"
EndProject
Project("{2150E333-8FDC-42A3-9474-1A3956D46DE8}") = "Marketplace", "Marketplace", "{8B393C10-8FF7-75FF-2594-AAF29E15BF15}"
EndProject
Project("{FAE04EC0-301F-11D3-BF4B-00C04F79EFBC}") = "TCGTrading.Marketplace.Api", "src\Marketplace\TCGTrading.Marketplace.Api.csproj", "{AC90BE26-2759-4099-96A9-3F427E258246}"
EndProject
Project("{2150E333-8FDC-42A3-9474-1A3956D46DE8}") = "Pricing", "Pricing", "{6082BB49-7835-CCD4-72F1-954E8F8B176C}"
EndProject
Project("{FAE04EC0-301F-11D3-BF4B-00C04F79EFBC}") = "TCGTrading.Pricing.Api", "src\Pricing\TCGTrading.Pricing.Api.csproj", "{9F2D38BC-56CF-49A9-B6E1-AF0DF45EF3E8}"
EndProject
Project("{2150E333-8FDC-42A3-9474-1A3956D46DE8}") = "Notification", "Notification", "{70BAA7F9-7914-E584-5739-8B02C132DCC7}"
EndProject
Project("{FAE04EC0-301F-11D3-BF4B-00C04F79EFBC}") = "TCGTrading.Notification.Api", "src\Notification\TCGTrading.Notification.Api.csproj", "{8409D508-BB85-4D30-B75C-63C43A3FA3FC}"
EndProject
Project("{2150E333-8FDC-42A3-9474-1A3956D46DE8}") = "ApiGateway", "ApiGateway", "{FCA01246-F2C6-0AA7-D43F-FD13BE0B9D88}"
EndProject
Project("{FAE04EC0-301F-11D3-BF4B-00C04F79EFBC}") = "TCGTrading.ApiGateway", "src\ApiGateway\TCGTrading.ApiGateway.csproj", "{00C5811B-B6C8-46C8-8174-5E340DF35819}"
EndProject
Project("{2150E333-8FDC-42A3-9474-1A3956D46DE8}") = "IdentityService", "IdentityService", "{F8B90FFE-BB37-8A69-F901-2B9289615797}"
EndProject
Project("{FAE04EC0-301F-11D3-BF4B-00C04F79EFBC}") = "TCGTrading.IdentityService", "src\IdentityService\TCGTrading.IdentityService.csproj", "{1638E812-65E3-4B5E-A1B4-C81BEDE2F6BB}"
EndProject
Project("{2150E333-8FDC-42A3-9474-1A3956D46DE8}") = "tests", "tests", "{0AB3BF05-4346-4AA6-1389-037BE0695223}"
EndProject
Project("{2150E333-8FDC-42A3-9474-1A3956D46DE8}") = "SharedKernel.Tests", "SharedKernel.Tests", "{83098FA4-ADCE-726E-A277-40D27FB32062}"
EndProject
Project("{FAE04EC0-301F-11D3-BF4B-00C04F79EFBC}") = "TCGTrading.SharedKernel.Tests", "tests\SharedKernel.Tests\TCGTrading.SharedKernel.Tests.csproj", "{5EF62E05-518F-4467-A51D-436348837A0A}"
EndProject
Project("{2150E333-8FDC-42A3-9474-1A3956D46DE8}") = "IdentityService.Tests", "IdentityService.Tests", "{2856DAE3-2E95-01D2-0283-CA92A9BEE0D7}"
EndProject
Project("{FAE04EC0-301F-11D3-BF4B-00C04F79EFBC}") = "TCGTrading.IdentityService.Tests", "tests\IdentityService.Tests\TCGTrading.IdentityService.Tests.csproj", "{72634133-9046-4D26-8E79-D4B690EA11CE}"
EndProject
Global
	GlobalSection(SolutionConfigurationPlatforms) = preSolution
		Debug|Any CPU = Debug|Any CPU
		Debug|x64 = Debug|x64
		Debug|x86 = Debug|x86
		Release|Any CPU = Release|Any CPU
		Release|x64 = Release|x64
		Release|x86 = Release|x86
	EndGlobalSection
	GlobalSection(ProjectConfigurationPlatforms) = postSolution
		{AB3AA833-FFF8-43C1-9214-F26B27921A4A}.Debug|Any CPU.ActiveCfg = Debug|Any CPU
		{AB3AA833-FFF8-43C1-9214-F26B27921A4A}.Debug|Any CPU.Build.0 = Debug|Any CPU
		{AB3AA833-FFF8-43C1-9214-F26B27921A4A}.Debug|x64.ActiveCfg = Debug|Any CPU
		{AB3AA833-FFF8-43C1-9214-F26B27921A4A}.Debug|x64.Build.0 = Debug|Any CPU
		{AB3AA833-FFF8-43C1-9214-F26B27921A4A}.Debug|x86.ActiveCfg = Debug|Any CPU
		{AB3AA833-FFF8-43C1-9214-F26B27921A4A}.Debug|x86.Build.0 = Debug|Any CPU
		{AB3AA833-FFF8-43C1-9214-F26B27921A4A}.Release|Any CPU.ActiveCfg = Release|Any CPU
		{AB3AA833-FFF8-43C1-9214-F26B27921A4A}.Release|Any CPU.Build.0 = Release|Any CPU
		{AB3AA833-FFF8-43C1-9214-F26B27921A4A}.Release|x64.ActiveCfg = Release|Any CPU
		{AB3AA833-FFF8-43C1-9214-F26B27921A4A}.Release|x64.Build.0 = Release|Any CPU
		{AB3AA833-FFF8-43C1-9214-F26B27921A4A}.Release|x86.ActiveCfg = Release|Any CPU
		{AB3AA833-FFF8-43C1-9214-F26B27921A4A}.Release|x86.Build.0 = Release|Any CPU
		{F28885AD-C53A-4A08-A31D-009BE26C18F2}.Debug|Any CPU.ActiveCfg = Debug|Any CPU
		{F28885AD-C53A-4A08-A31D-009BE26C18F2}.Debug|Any CPU.Build.0 = Debug|Any CPU
		{F28885AD-C53A-4A08-A31D-009BE26C18F2}.Debug|x64.ActiveCfg = Debug|Any CPU
		{F28885AD-C53A-4A08-A31D-009BE26C18F2}.Debug|x64.Build.0 = Debug|Any CPU
		{F28885AD-C53A-4A08-A31D-009BE26C18F2}.Debug|x86.ActiveCfg = Debug|Any CPU
		{F28885AD-C53A-4A08-A31D-009BE26C18F2}.Debug|x86.Build.0 = Debug|Any CPU
		{F28885AD-C53A-4A08-A31D-009BE26C18F2}.Release|Any CPU.ActiveCfg = Release|Any CPU
		{F28885AD-C53A-4A08-A31D-009BE26C18F2}.Release|Any CPU.Build.0 = Release|Any CPU
		{F28885AD-C53A-4A08-A31D-009BE26C18F2}.Release|x64.ActiveCfg = Release|Any CPU
		{F28885AD-C53A-4A08-A31D-009BE26C18F2}.Release|x64.Build.0 = Release|Any CPU
		{F28885AD-C53A-4A08-A31D-009BE26C18F2}.Release|x86.ActiveCfg = Release|Any CPU
		{F28885AD-C53A-4A08-A31D-009BE26C18F2}.Release|x86.Build.0 = Release|Any CPU
		{02FD7ADB-955B-4D53-98BE-1DC24162F212}.Debug|Any CPU.ActiveCfg = Debug|Any CPU
		{02FD7ADB-955B-4D53-98BE-1DC24162F212}.Debug|Any CPU.Build.0 = Debug|Any CPU
		{02FD7ADB-955B-4D53-98BE-1DC24162F212}.Debug|x64.ActiveCfg = Debug|Any CPU
		{02FD7ADB-955B-4D53-98BE-1DC24162F212}.Debug|x64.Build.0 = Debug|Any CPU
		{02FD7ADB-955B-4D53-98BE-1DC24162F212}.Debug|x86.ActiveCfg = Debug|Any CPU
		{02FD7ADB-955B-4D53-98BE-1DC24162F212}.Debug|x86.Build.0 = Debug|Any CPU
		{02FD7ADB-955B-4D53-98BE-1DC24162F212}.Release|Any CPU.ActiveCfg = Release|Any CPU
		{02FD7ADB-955B-4D53-98BE-1DC24162F212}.Release|Any CPU.Build.0 = Release|Any CPU
		{02FD7ADB-955B-4D53-98BE-1DC24162F212}.Release|x64.ActiveCfg = Release|Any CPU
		{02FD7ADB-955B-4D53-98BE-1DC24162F212}.Release|x64.Build.0 = Release|Any CPU
		{02FD7ADB-955B-4D53-98BE-1DC24162F212}.Release|x86.ActiveCfg = Release|Any CPU
		{02FD7ADB-955B-4D53-98BE-1DC24162F212}.Release|x86.Build.0 = Release|Any CPU
		{AC90BE26-2759-4099-96A9-3F427E258246}.Debug|Any CPU.ActiveCfg = Debug|Any CPU
		{AC90BE26-2759-4099-96A9-3F427E258246}.Debug|Any CPU.Build.0 = Debug|Any CPU
		{AC90BE26-2759-4099-96A9-3F427E258246}.Debug|x64.ActiveCfg = Debug|Any CPU
		{AC90BE26-2759-4099-96A9-3F427E258246}.Debug|x64.Build.0 = Debug|Any CPU
		{AC90BE26-2759-4099-96A9-3F427E258246}.Debug|x86.ActiveCfg = Debug|Any CPU
		{AC90BE26-2759-4099-96A9-3F427E258246}.Debug|x86.Build.0 = Debug|Any CPU
		{AC90BE26-2759-4099-96A9-3F427E258246}.Release|Any CPU.ActiveCfg = Release|Any CPU
		{AC90BE26-2759-4099-96A9-3F427E258246}.Release|Any CPU.Build.0 = Release|Any CPU
		{AC90BE26-2759-4099-96A9-3F427E258246}.Release|x64.ActiveCfg = Release|Any CPU
		{AC90BE26-2759-4099-96A9-3F427E258246}.Release|x64.Build.0 = Release|Any CPU
		{AC90BE26-2759-4099-96A9-3F427E258246}.Release|x86.ActiveCfg = Release|Any CPU
		{AC90BE26-2759-4099-96A9-3F427E258246}.Release|x86.Build.0 = Release|Any CPU
		{9F2D38BC-56CF-49A9-B6E1-AF0DF45EF3E8}.Debug|Any CPU.ActiveCfg = Debug|Any CPU
		{9F2D38BC-56CF-49A9-B6E1-AF0DF45EF3E8}.Debug|Any CPU.Build.0 = Debug|Any CPU
		{9F2D38BC-56CF-49A9-B6E1-AF0DF45EF3E8}.Debug|x64.ActiveCfg = Debug|Any CPU
		{9F2D38BC-56CF-49A9-B6E1-AF0DF45EF3E8}.Debug|x64.Build.0 = Debug|Any CPU
		{9F2D38BC-56CF-49A9-B6E1-AF0DF45EF3E8}.Debug|x86.ActiveCfg = Debug|Any CPU
		{9F2D38BC-56CF-49A9-B6E1-AF0DF45EF3E8}.Debug|x86.Build.0 = Debug|Any CPU
		{9F2D38BC-56CF-49A9-B6E1-AF0DF45EF3E8}.Release|Any CPU.ActiveCfg = Release|Any CPU
		{9F2D38BC-56CF-49A9-B6E1-AF0DF45EF3E8}.Release|Any CPU.Build.0 = Release|Any CPU
		{9F2D38BC-56CF-49A9-B6E1-AF0DF45EF3E8}.Release|x64.ActiveCfg = Release|Any CPU
		{9F2D38BC-56CF-49A9-B6E1-AF0DF45EF3E8}.Release|x64.Build.0 = Release|Any CPU
		{9F2D38BC-56CF-49A9-B6E1-AF0DF45EF3E8}.Release|x86.ActiveCfg = Release|Any CPU
		{9F2D38BC-56CF-49A9-B6E1-AF0DF45EF3E8}.Release|x86.Build.0 = Release|Any CPU
		{8409D508-BB85-4D30-B75C-63C43A3FA3FC}.Debug|Any CPU.ActiveCfg = Debug|Any CPU
		{8409D508-BB85-4D30-B75C-63C43A3FA3FC}.Debug|Any CPU.Build.0 = Debug|Any CPU
		{8409D508-BB85-4D30-B75C-63C43A3FA3FC}.Debug|x64.ActiveCfg = Debug|Any CPU
		{8409D508-BB85-4D30-B75C-63C43A3FA3FC}.Debug|x64.Build.0 = Debug|Any CPU
		{8409D508-BB85-4D30-B75C-63C43A3FA3FC}.Debug|x86.ActiveCfg = Debug|Any CPU
		{8409D508-BB85-4D30-B75C-63C43A3FA3FC}.Debug|x86.Build.0 = Debug|Any CPU
		{8409D508-BB85-4D30-B75C-63C43A3FA3FC}.Release|Any CPU.ActiveCfg = Release|Any CPU
		{8409D508-BB85-4D30-B75C-63C43A3FA3FC}.Release|Any CPU.Build.0 = Release|Any CPU
		{8409D508-BB85-4D30-B75C-63C43A3FA3FC}.Release|x64.ActiveCfg = Release|Any CPU
		{8409D508-BB85-4D30-B75C-63C43A3FA3FC}.Release|x64.Build.0 = Release|Any CPU
		{8409D508-BB85-4D30-B75C-63C43A3FA3FC}.Release|x86.ActiveCfg = Release|Any CPU
		{8409D508-BB85-4D30-B75C-63C43A3FA3FC}.Release|x86.Build.0 = Release|Any CPU
		{00C5811B-B6C8-46C8-8174-5E340DF35819}.Debug|Any CPU.ActiveCfg = Debug|Any CPU
		{00C5811B-B6C8-46C8-8174-5E340DF35819}.Debug|Any CPU.Build.0 = Debug|Any CPU
		{00C5811B-B6C8-46C8-8174-5E340DF35819}.Debug|x64.ActiveCfg = Debug|Any CPU
		{00C5811B-B6C8-46C8-8174-5E340DF35819}.Debug|x64.Build.0 = Debug|Any CPU
		{00C5811B-B6C8-46C8-8174-5E340DF35819}.Debug|x86.ActiveCfg = Debug|Any CPU
		{00C5811B-B6C8-46C8-8174-5E340DF35819}.Debug|x86.Build.0 = Debug|Any CPU
		{00C5811B-B6C8-46C8-8174-5E340DF35819}.Release|Any CPU.ActiveCfg = Release|Any CPU
		{00C5811B-B6C8-46C8-8174-5E340DF35819}.Release|Any CPU.Build.0 = Release|Any CPU
		{00C5811B-B6C8-46C8-8174-5E340DF35819}.Release|x64.ActiveCfg = Release|Any CPU
		{00C5811B-B6C8-46C8-8174-5E340DF35819}.Release|x64.Build.0 = Release|Any CPU
		{00C5811B-B6C8-46C8-8174-5E340DF35819}.Release|x86.ActiveCfg = Release|Any CPU
		{00C5811B-B6C8-46C8-8174-5E340DF35819}.Release|x86.Build.0 = Release|Any CPU
		{1638E812-65E3-4B5E-A1B4-C81BEDE2F6BB}.Debug|Any CPU.ActiveCfg = Debug|Any CPU
		{1638E812-65E3-4B5E-A1B4-C81BEDE2F6BB}.Debug|Any CPU.Build.0 = Debug|Any CPU
		{1638E812-65E3-4B5E-A1B4-C81BEDE2F6BB}.Debug|x64.ActiveCfg = Debug|Any CPU
		{1638E812-65E3-4B5E-A1B4-C81BEDE2F6BB}.Debug|x64.Build.0 = Debug|Any CPU
		{1638E812-65E3-4B5E-A1B4-C81BEDE2F6BB}.Debug|x86.ActiveCfg = Debug|Any CPU
		{1638E812-65E3-4B5E-A1B4-C81BEDE2F6BB}.Debug|x86.Build.0 = Debug|Any CPU
		{1638E812-65E3-4B5E-A1B4-C81BEDE2F6BB}.Release|Any CPU.ActiveCfg = Release|Any CPU
		{1638E812-65E3-4B5E-A1B4-C81BEDE2F6BB}.Release|Any CPU.Build.0 = Release|Any CPU
		{1638E812-65E3-4B5E-A1B4-C81BEDE2F6BB}.Release|x64.ActiveCfg = Release|Any CPU
		{1638E812-65E3-4B5E-A1B4-C81BEDE2F6BB}.Release|x64.Build.0 = Release|Any CPU
		{1638E812-65E3-4B5E-A1B4-C81BEDE2F6BB}.Release|x86.ActiveCfg = Release|Any CPU
		{1638E812-65E3-4B5E-A1B4-C81BEDE2F6BB}.Release|x86.Build.0 = Release|Any CPU
		{5EF62E05-518F-4467-A51D-436348837A0A}.Debug|Any CPU.ActiveCfg = Debug|Any CPU
		{5EF62E05-518F-4467-A51D-436348837A0A}.Debug|Any CPU.Build.0 = Debug|Any CPU
		{5EF62E05-518F-4467-A51D-436348837A0A}.Debug|x64.ActiveCfg = Debug|Any CPU
		{5EF62E05-518F-4467-A51D-436348837A0A}.Debug|x64.Build.0 = Debug|Any CPU
		{5EF62E05-518F-4467-A51D-436348837A0A}.Debug|x86.ActiveCfg = Debug|Any CPU
		{5EF62E05-518F-4467-A51D-436348837A0A}.Debug|x86.Build.0 = Debug|Any CPU
		{5EF62E05-518F-4467-A51D-436348837A0A}.Release|Any CPU.ActiveCfg = Release|Any CPU
		{5EF62E05-518F-4467-A51D-436348837A0A}.Release|Any CPU.Build.0 = Release|Any CPU
		{5EF62E05-518F-4467-A51D-436348837A0A}.Release|x64.ActiveCfg = Release|Any CPU
		{5EF62E05-518F-4467-A51D-436348837A0A}.Release|x64.Build.0 = Release|Any CPU
		{5EF62E05-518F-4467-A51D-436348837A0A}.Release|x86.ActiveCfg = Release|Any CPU
		{5EF62E05-518F-4467-A51D-436348837A0A}.Release|x86.Build.0 = Release|Any CPU
		{72634133-9046-4D26-8E79-D4B690EA11CE}.Debug|Any CPU.ActiveCfg = Debug|Any CPU
		{72634133-9046-4D26-8E79-D4B690EA11CE}.Debug|Any CPU.Build.0 = Debug|Any CPU
		{72634133-9046-4D26-8E79-D4B690EA11CE}.Debug|x64.ActiveCfg = Debug|Any CPU
		{72634133-9046-4D26-8E79-D4B690EA11CE}.Debug|x64.Build.0 = Debug|Any CPU
		{72634133-9046-4D26-8E79-D4B690EA11CE}.Debug|x86.ActiveCfg = Debug|Any CPU
		{72634133-9046-4D26-8E79-D4B690EA11CE}.Debug|x86.Build.0 = Debug|Any CPU
		{72634133-9046-4D26-8E79-D4B690EA11CE}.Release|Any CPU.ActiveCfg = Release|Any CPU
		{72634133-9046-4D26-8E79-D4B690EA11CE}.Release|Any CPU.Build.0 = Release|Any CPU
		{72634133-9046-4D26-8E79-D4B690EA11CE}.Release|x64.ActiveCfg = Release|Any CPU
		{72634133-9046-4D26-8E79-D4B690EA11CE}.Release|x64.Build.0 = Release|Any CPU
		{72634133-9046-4D26-8E79-D4B690EA11CE}.Release|x86.ActiveCfg = Release|Any CPU
		{72634133-9046-4D26-8E79-D4B690EA11CE}.Release|x86.Build.0 = Release|Any CPU
	EndGlobalSection
	GlobalSection(SolutionProperties) = preSolution
		HideSolutionNode = FALSE
	EndGlobalSection
	GlobalSection(NestedProjects) = preSolution
		{85F909CB-8F14-ECC8-BA9D-713D1771907F} = {827E0CD3-B72D-47B6-A68D-7590B98EB39B}
		{AB3AA833-FFF8-43C1-9214-F26B27921A4A} = {85F909CB-8F14-ECC8-BA9D-713D1771907F}
		{FAA8FA5F-AA2B-C482-3913-4C1DD0E236A8} = {827E0CD3-B72D-47B6-A68D-7590B98EB39B}
		{F28885AD-C53A-4A08-A31D-009BE26C18F2} = {FAA8FA5F-AA2B-C482-3913-4C1DD0E236A8}
		{45DD4194-316F-194B-816B-B30A2F54335C} = {827E0CD3-B72D-47B6-A68D-7590B98EB39B}
		{02FD7ADB-955B-4D53-98BE-1DC24162F212} = {45DD4194-316F-194B-816B-B30A2F54335C}
		{8B393C10-8FF7-75FF-2594-AAF29E15BF15} = {827E0CD3-B72D-47B6-A68D-7590B98EB39B}
		{AC90BE26-2759-4099-96A9-3F427E258246} = {8B393C10-8FF7-75FF-2594-AAF29E15BF15}
		{6082BB49-7835-CCD4-72F1-954E8F8B176C} = {827E0CD3-B72D-47B6-A68D-7590B98EB39B}
		{9F2D38BC-56CF-49A9-B6E1-AF0DF45EF3E8} = {6082BB49-7835-CCD4-72F1-954E8F8B176C}
		{70BAA7F9-7914-E584-5739-8B02C132DCC7} = {827E0CD3-B72D-47B6-A68D-7590B98EB39B}
		{8409D508-BB85-4D30-B75C-63C43A3FA3FC} = {70BAA7F9-7914-E584-5739-8B02C132DCC7}
		{FCA01246-F2C6-0AA7-D43F-FD13BE0B9D88} = {827E0CD3-B72D-47B6-A68D-7590B98EB39B}
		{00C5811B-B6C8-46C8-8174-5E340DF35819} = {FCA01246-F2C6-0AA7-D43F-FD13BE0B9D88}
		{F8B90FFE-BB37-8A69-F901-2B9289615797} = {827E0CD3-B72D-47B6-A68D-7590B98EB39B}
		{1638E812-65E3-4B5E-A1B4-C81BEDE2F6BB} = {F8B90FFE-BB37-8A69-F901-2B9289615797}
		{83098FA4-ADCE-726E-A277-40D27FB32062} = {0AB3BF05-4346-4AA6-1389-037BE0695223}
		{5EF62E05-518F-4467-A51D-436348837A0A} = {83098FA4-ADCE-726E-A277-40D27FB32062}
		{2856DAE3-2E95-01D2-0283-CA92A9BEE0D7} = {0AB3BF05-4346-4AA6-1389-037BE0695223}
		{72634133-9046-4D26-8E79-D4B690EA11CE} = {2856DAE3-2E95-01D2-0283-CA92A9BEE0D7}
	EndGlobalSection
EndGlobal
